# Generated by pub
# See https://dart.dev/tools/pub/glossary#lockfile
packages:
  args:
    dependency: transitive
    description:
      name: args
      sha256: "139d809800a412ebb26a3892da228b2d0ba36f0ef5d9a82166e5e52ec8d61611"
      url: "https://mirror.sjtu.edu.cn/dart-pub/"
    source: hosted
    version: "2.3.2"
  asn1lib:
    dependency: transitive
    description:
      name: asn1lib
      sha256: ab96a1cb3beeccf8145c52e449233fe68364c9641623acd3adad66f8184f1039
      url: "https://mirror.sjtu.edu.cn/dart-pub/"
    source: hosted
    version: "1.4.0"
  async:
    dependency: transitive
    description:
      name: async
      sha256: bfe67ef28df125b7dddcea62755991f807aa39a2492a23e1550161692950bbe0
      url: "https://mirror.sjtu.edu.cn/dart-pub/"
    source: hosted
    version: "2.10.0"
  boolean_selector:
    dependency: transitive
    description:
      name: boolean_selector
      sha256: "6cfb5af12253eaf2b368f07bacc5a80d1301a071c73360d746b7f2e32d762c66"
      url: "https://mirror.sjtu.edu.cn/dart-pub/"
    source: hosted
    version: "2.1.1"
  characters:
    dependency: transitive
    description:
      name: characters
      sha256: e6a326c8af69605aec75ed6c187d06b349707a27fbff8222ca9cc2cff167975c
      url: "https://mirror.sjtu.edu.cn/dart-pub/"
    source: hosted
    version: "1.2.1"
  child_builder:
    dependency: transitive
    description:
      name: child_builder
      sha256: "4cff75dd45a5103ad695f31e178ece6ffbf4cdae6b7458c0639d0e9b28a65d6a"
      url: "https://mirror.sjtu.edu.cn/dart-pub/"
    source: hosted
    version: "2.0.1"
  clock:
    dependency: transitive
    description:
      name: clock
      sha256: cb6d7f03e1de671e34607e909a7213e31d7752be4fb66a86d29fe1eb14bfb5cf
      url: "https://mirror.sjtu.edu.cn/dart-pub/"
    source: hosted
    version: "1.1.1"
  collection:
    dependency: transitive
    description:
      name: collection
      sha256: cfc915e6923fe5ce6e153b0723c753045de46de1b4d63771530504004a45fae0
      url: "https://mirror.sjtu.edu.cn/dart-pub/"
    source: hosted
    version: "1.17.0"
  convert:
    dependency: transitive
    description:
      name: convert
      sha256: "0f08b14755d163f6e2134cb58222dd25ea2a2ee8a195e53983d57c075324d592"
      url: "https://mirror.sjtu.edu.cn/dart-pub/"
    source: hosted
    version: "3.1.1"
  crypto:
    dependency: transitive
    description:
      name: crypto
      sha256: aa274aa7774f8964e4f4f38cc994db7b6158dd36e9187aaceaddc994b35c6c67
      url: "https://mirror.sjtu.edu.cn/dart-pub/"
    source: hosted
    version: "3.0.2"
  cupertino_icons:
    dependency: "direct main"
    description:
      name: cupertino_icons
      sha256: e35129dc44c9118cee2a5603506d823bab99c68393879edb440e0090d07586be
      url: "https://mirror.sjtu.edu.cn/dart-pub/"
    source: hosted
    version: "1.0.5"
  encrypt:
    dependency: transitive
    description:
      name: encrypt
      sha256: "4fd4e4fdc21b9d7d4141823e1e6515cd94e7b8d84749504c232999fba25d9bbb"
      url: "https://mirror.sjtu.edu.cn/dart-pub/"
    source: hosted
    version: "5.0.1"
  execution_timer:
    dependency: transitive
    description:
      name: execution_timer
      sha256: "1376bf1a3488fd8ee9616b5280ff752ca8c66d776aa362ca39645b72e7fd232a"
      url: "https://mirror.sjtu.edu.cn/dart-pub/"
    source: hosted
    version: "1.0.2"
  fake_async:
    dependency: transitive
    description:
      name: fake_async
      sha256: "511392330127add0b769b75a987850d136345d9227c6b94c96a04cf4a391bf78"
      url: "https://mirror.sjtu.edu.cn/dart-pub/"
    source: hosted
    version: "1.3.1"
  flutter:
    dependency: "direct main"
    description: flutter
    source: sdk
    version: "0.0.0"
  flutter_lints:
    dependency: "direct dev"
    description:
      name: flutter_lints
      sha256: aeb0b80a8b3709709c9cc496cdc027c5b3216796bc0af0ce1007eaf24464fd4c
      url: "https://mirror.sjtu.edu.cn/dart-pub/"
    source: hosted
    version: "2.0.1"
  flutter_test:
    dependency: "direct dev"
    description: flutter
    source: sdk
    version: "0.0.0"
  form_validation:
    dependency: transitive
    description:
      name: form_validation
      sha256: "777560dfaef1815df8e1f2b395eba45b3b764c67d1a50b1c6608ca5f69d19f72"
      url: "https://mirror.sjtu.edu.cn/dart-pub/"
    source: hosted
    version: "2.2.0+6"
  http:
    dependency: transitive
    description:
      name: http
      sha256: "6aa2946395183537c8b880962d935877325d6a09a2867c3970c05c0fed6ac482"
      url: "https://mirror.sjtu.edu.cn/dart-pub/"
    source: hosted
    version: "0.13.5"
  http_parser:
    dependency: transitive
    description:
      name: http_parser
      sha256: "2aa08ce0341cc9b354a498388e30986515406668dbcc4f7c950c3e715496693b"
      url: "https://mirror.sjtu.edu.cn/dart-pub/"
    source: hosted
    version: "4.0.2"
  interpolation:
    dependency: transitive
    description:
      name: interpolation
      sha256: "6b70243bde8352eca91681d5cb2022fcb8806b3559223c9d3f205b1349e96c5e"
      url: "https://mirror.sjtu.edu.cn/dart-pub/"
    source: hosted
    version: "2.1.2"
  intl:
    dependency: transitive
    description:
      name: intl
      sha256: a3715e3bc90294e971cb7dc063fbf3cd9ee0ebf8604ffeafabd9e6f16abbdbe6
      url: "https://mirror.sjtu.edu.cn/dart-pub/"
    source: hosted
    version: "0.18.0"
  js:
    dependency: transitive
    description:
      name: js
      sha256: "5528c2f391ededb7775ec1daa69e65a2d61276f7552de2b5f7b8d34ee9fd4ab7"
      url: "https://mirror.sjtu.edu.cn/dart-pub/"
    source: hosted
    version: "0.6.5"
  json_class:
    dependency: transitive
    description:
      name: json_class
      sha256: "0b84873e108461f74048f169cf68b8e3b6300220552f0aee7f8917f7137d28c2"
      url: "https://mirror.sjtu.edu.cn/dart-pub/"
    source: hosted
    version: "2.1.5+1"
  json_conditional:
    dependency: transitive
    description:
      name: json_conditional
      sha256: b0c6a910f25071836d52172251a7704689da3973dbaf961ae370fca1173d38f4
      url: "https://mirror.sjtu.edu.cn/dart-pub/"
    source: hosted
    version: "2.1.1+1"
  json_dynamic_widget:
    dependency: "direct main"
    description:
      name: json_dynamic_widget
      sha256: "611e6a706809db50941c3e550ebcbf6adc370479e5895aa03e4e5c704f2f4b72"
      url: "https://mirror.sjtu.edu.cn/dart-pub/"
    source: hosted
    version: "6.0.1+1"
  json_path:
    dependency: transitive
    description:
      name: json_path
      sha256: "75244c46c757efbefc4eb3a20baac22c4e0a27c9c1fcca240e0dce0dbcbe1ae3"
      url: "https://mirror.sjtu.edu.cn/dart-pub/"
    source: hosted
    version: "0.4.2"
  json_schema2:
    dependency: transitive
    description:
      name: json_schema2
      sha256: "9d2159e7bd8f3dcbe0a17e3e81cbaf99bf11c7b7242fbcaca897850f758ebc45"
      url: "https://mirror.sjtu.edu.cn/dart-pub/"
    source: hosted
    version: "2.0.3+1"
  json_theme:
    dependency: transitive
    description:
      name: json_theme
      sha256: "27a70a6606a6125226781c022ff9de106db401bc42036d00a27f44f864c8d447"
      url: "https://mirror.sjtu.edu.cn/dart-pub/"
    source: hosted
    version: "5.0.0+1"
  lints:
    dependency: transitive
    description:
      name: lints
      sha256: "5e4a9cd06d447758280a8ac2405101e0e2094d2a1dbdd3756aec3fe7775ba593"
      url: "https://mirror.sjtu.edu.cn/dart-pub/"
    source: hosted
    version: "2.0.1"
  logging:
    dependency: transitive
    description:
      name: logging
      sha256: "04094f2eb032cbb06c6f6e8d3607edcfcb0455e2bb6cbc010cb01171dcb64e6d"
      url: "https://mirror.sjtu.edu.cn/dart-pub/"
    source: hosted
    version: "1.1.1"
  matcher:
    dependency: transitive
    description:
      name: matcher
      sha256: "16db949ceee371e9b99d22f88fa3a73c4e59fd0afed0bd25fc336eb76c198b72"
      url: "https://mirror.sjtu.edu.cn/dart-pub/"
    source: hosted
    version: "0.12.13"
  material_color_utilities:
    dependency: transitive
    description:
      name: material_color_utilities
      sha256: d92141dc6fe1dad30722f9aa826c7fbc896d021d792f80678280601aff8cf724
      url: "https://mirror.sjtu.edu.cn/dart-pub/"
    source: hosted
    version: "0.2.0"
  meta:
    dependency: transitive
    description:
      name: meta
      sha256: "6c268b42ed578a53088d834796959e4a1814b5e9e164f147f580a386e5decf42"
      url: "https://mirror.sjtu.edu.cn/dart-pub/"
    source: hosted
    version: "1.8.0"
  nested:
    dependency: transitive
    description:
      name: nested
      sha256: "03bac4c528c64c95c722ec99280375a6f2fc708eec17c7b3f07253b626cd2a20"
      url: "https://mirror.sjtu.edu.cn/dart-pub/"
    source: hosted
    version: "1.0.0"
  path:
    dependency: transitive
    description:
      name: path
      sha256: db9d4f58c908a4ba5953fcee2ae317c94889433e5024c27ce74a37f94267945b
      url: "https://mirror.sjtu.edu.cn/dart-pub/"
    source: hosted
    version: "1.8.2"
  petitparser:
    dependency: transitive
    description:
      name: petitparser
      sha256: "49392a45ced973e8d94a85fdb21293fbb40ba805fc49f2965101ae748a3683b4"
      url: "https://mirror.sjtu.edu.cn/dart-pub/"
    source: hosted
    version: "5.1.0"
  pointycastle:
    dependency: transitive
    description:
      name: pointycastle
      sha256: db7306cf0249f838d1a24af52b5a5887c5bf7f31d8bb4e827d071dc0939ad346
      url: "https://mirror.sjtu.edu.cn/dart-pub/"
    source: hosted
    version: "3.6.2"
  provider:
    dependency: transitive
    description:
      name: provider
      sha256: cdbe7530b12ecd9eb455bdaa2fcb8d4dad22e80b8afb4798b41479d5ce26847f
      url: "https://mirror.sjtu.edu.cn/dart-pub/"
    source: hosted
    version: "6.0.5"
  quiver:
    dependency: transitive
    description:
      name: quiver
      sha256: b1c1ac5ce6688d77f65f3375a9abb9319b3cb32486bdc7a1e0fdf004d7ba4e47
      url: "https://mirror.sjtu.edu.cn/dart-pub/"
    source: hosted
    version: "3.2.1"
  rest_client:
    dependency: transitive
    description:
      name: rest_client
      sha256: bf83f624ecef5e9f1bbb4cd44b768e5c04f0cd546381316e4d42d15ab6ea382d
      url: "https://mirror.sjtu.edu.cn/dart-pub/"
    source: hosted
    version: "2.2.1+1"
  rfc_6901:
    dependency: transitive
    description:
      name: rfc_6901
      sha256: "8d97680dada633146cf75ab9382f2ce2b7e4bd63ceecd867416cf43b5832b988"
      url: "https://mirror.sjtu.edu.cn/dart-pub/"
    source: hosted
    version: "0.1.1"
  rxdart:
    dependency: transitive
    description:
      name: rxdart
      sha256: "0c7c0cedd93788d996e33041ffecda924cc54389199cde4e6a34b440f50044cb"
      url: "https://mirror.sjtu.edu.cn/dart-pub/"
    source: hosted
    version: "0.27.7"
  sky_engine:
    dependency: transitive
    description: flutter
    source: sdk
    version: "0.0.99"
  source_span:
    dependency: transitive
    description:
      name: source_span
      sha256: dd904f795d4b4f3b870833847c461801f6750a9fa8e61ea5ac53f9422b31f250
      url: "https://mirror.sjtu.edu.cn/dart-pub/"
    source: hosted
    version: "1.9.1"
  stack_trace:
    dependency: transitive
    description:
      name: stack_trace
      sha256: c3c7d8edb15bee7f0f74debd4b9c5f3c2ea86766fe4178eb2a18eb30a0bdaed5
      url: "https://mirror.sjtu.edu.cn/dart-pub/"
    source: hosted
    version: "1.11.0"
  static_translations:
    dependency: transitive
    description:
      name: static_translations
      sha256: "0f5931a55d11f7a28608155e017a19bdac812f3dfdd1a84b98d346f994a3f6db"
      url: "https://mirror.sjtu.edu.cn/dart-pub/"
    source: hosted
    version: "2.1.2+1"
  stream_channel:
    dependency: transitive
    description:
      name: stream_channel
      sha256: "83615bee9045c1d322bbbd1ba209b7a749c2cbcdcb3fdd1df8eb488b3279c1c8"
      url: "https://mirror.sjtu.edu.cn/dart-pub/"
    source: hosted
    version: "2.1.1"
  string_scanner:
    dependency: transitive
    description:
      name: string_scanner
      sha256: "556692adab6cfa87322a115640c11f13cb77b3f076ddcc5d6ae3c20242bedcde"
      url: "https://mirror.sjtu.edu.cn/dart-pub/"
    source: hosted
    version: "1.2.0"
  template_expressions:
    dependency: transitive
    description:
      name: template_expressions
      sha256: dee3edd65bfda6284b317988f4b0cf4d117cf30a1cf29828117a78b607a941be
      url: "https://mirror.sjtu.edu.cn/dart-pub/"
    source: hosted
    version: "2.2.1+1"
  term_glyph:
    dependency: transitive
    description:
      name: term_glyph
      sha256: a29248a84fbb7c79282b40b8c72a1209db169a2e0542bce341da992fe1bc7e84
      url: "https://mirror.sjtu.edu.cn/dart-pub/"
    source: hosted
    version: "1.2.1"
  test_api:
    dependency: transitive
    description:
      name: test_api
      sha256: ad540f65f92caa91bf21dfc8ffb8c589d6e4dc0c2267818b4cc2792857706206
      url: "https://mirror.sjtu.edu.cn/dart-pub/"
    source: hosted
    version: "0.4.16"
  typed_data:
    dependency: transitive
    description:
      name: typed_data
      sha256: "26f87ade979c47a150c9eaab93ccd2bebe70a27dc0b4b29517f2904f04eb11a5"
      url: "https://mirror.sjtu.edu.cn/dart-pub/"
    source: hosted
    version: "1.3.1"
  uri:
    dependency: transitive
    description:
      name: uri
      sha256: "889eea21e953187c6099802b7b4cf5219ba8f3518f604a1033064d45b1b8268a"
      url: "https://mirror.sjtu.edu.cn/dart-pub/"
    source: hosted
    version: "1.0.0"
  uuid:
    dependency: transitive
    description:
      name: uuid
      sha256: "648e103079f7c64a36dc7d39369cabb358d377078a051d6ae2ad3aa539519313"
      url: "https://mirror.sjtu.edu.cn/dart-pub/"
    source: hosted
    version: "3.0.7"
  vector_math:
    dependency: transitive
    description:
      name: vector_math
      sha256: "80b3257d1492ce4d091729e3a67a60407d227c27241d6927be0130c98e741803"
      url: "https://mirror.sjtu.edu.cn/dart-pub/"
    source: hosted
    version: "2.1.4"
  yaml:
    dependency: transitive
    description:
      name: yaml
      sha256: "23812a9b125b48d4007117254bca50abb6c712352927eece9e155207b1db2370"
      url: "https://mirror.sjtu.edu.cn/dart-pub/"
    source: hosted
    version: "3.1.1"
  yaon:
    dependency: transitive
    description:
      name: yaon
      sha256: d290a18e6c968f7dc4959cad9b7ea44cbf917c8af098dd694e8c968d4ebd99c1
      url: "https://mirror.sjtu.edu.cn/dart-pub/"
    source: hosted
    version: "1.0.2"
sdks:
  dart: ">=2.19.0 <3.0.0"
  flutter: ">=1.16.0"
